
Microsoft Visual Studio Solution File, Format Version 12.00
# Visual Studio Version 17
VisualStudioVersion = 17.5.33414.496
MinimumVisualStudioVersion = 10.0.40219.1
Project("{FAE04EC0-301F-11D3-BF4B-00C04F79EFBC}") = "BDLivro", "BDLivro\BDLivro.csproj", "{F7546865-A252-4817-8ACA-BA078B8CC57E}"
EndProject
Project("{2150E333-8FDC-42A3-9474-1A3956D46DE8}") = "Solution Items", "Solution Items", "{67EB3658-1286-4B88-ADFD-DEC4D0945BA7}"
	ProjectSection(SolutionItems) = preProject
		.editorconfig = .editorconfig
	EndProjectSection
EndProject
Global
	GlobalSection(SolutionConfigurationPlatforms) = preSolution
		Debug|Any CPU = Debug|Any CPU
		Release|Any CPU = Release|Any CPU
	EndGlobalSection
	GlobalSection(ProjectConfigurationPlatforms) = postSolution
		{F7546865-A252-4817-8ACA-BA078B8CC57E}.Debug|Any CPU.ActiveCfg = Debug|Any CPU
		{F7546865-A252-4817-8ACA-BA078B8CC57E}.Debug|Any CPU.Build.0 = Debug|Any CPU
		{F7546865-A252-4817-8ACA-BA078B8CC57E}.Release|Any CPU.ActiveCfg = Release|Any CPU
		{F7546865-A252-4817-8ACA-BA078B8CC57E}.Release|Any CPU.Build.0 = Release|Any CPU
	EndGlobalSection
	GlobalSection(SolutionProperties) = preSolution
		HideSolutionNode = FALSE
	EndGlobalSection
	GlobalSection(ExtensibilityGlobals) = postSolution
		SolutionGuid = {D3A21497-23CD-471C-AF78-868C5F3EA98A}
	EndGlobalSection
EndGlobal
